
Microsoft Visual Studio Solution File, Format Version 12.00
# Visual Studio Version 17
VisualStudioVersion = 17.0.31903.59
MinimumVisualStudioVersion = 10.0.40219.1
Project("{2150E333-8FDC-42A3-9474-1A3956D46DE8}") = "src", "src", "{827E0CD3-B72D-47B6-A68D-7590B98EB39B}"
EndProject
Project("{FAE04EC0-301F-11D3-BF4B-00C04F79EFBC}") = "DevXpertHub.Web", "src\DevXpertHub.Web\DevXpertHub.Web.csproj", "{322F545C-062A-48D7-A45C-AE5E9685FC1B}"
EndProject
Project("{FAE04EC0-301F-11D3-BF4B-00C04F79EFBC}") = "DevXpertHub.Core", "src\DevXpertHub.Core\DevXpertHub.Core.csproj", "{F09DFC5E-2FD0-4D29-A71A-2F0684A2BE48}"
EndProject
Project("{FAE04EC0-301F-11D3-BF4B-00C04F79EFBC}") = "DevXpertHub.Api", "src\DevXpertHub.API\DevXpertHub.Api.csproj", "{7F0BBBA4-E30F-4E93-A3A1-7F952DE441CA}"
EndProject
Project("{FAE04EC0-301F-11D3-BF4B-00C04F79EFBC}") = "DevXpertHub.Domain", "src\DevXpertHub.Domain\DevXpertHub.Domain.csproj", "{C5DECC2F-2966-4AE3-A552-E845F959762A}"
EndProject
Project("{FAE04EC0-301F-11D3-BF4B-00C04F79EFBC}") = "DevXpertHub.Infrastructure", "src\DevXpertHub.Infrastructure\DevXpertHub.Infrastructure.csproj", "{DDF9CEA7-97AD-4062-8B8C-7DC22816A0A1}"
EndProject
Project("{FAE04EC0-301F-11D3-BF4B-00C04F79EFBC}") = "DevXpertHub.Services", "src\DevXpertHub.Services\DevXpertHub.Services.csproj", "{2ED5843B-035E-4AB2-A3BC-BC5F98EEFDF1}"
EndProject
Project("{2150E333-8FDC-42A3-9474-1A3956D46DE8}") = "03-Api", "03-Api", "{02EA681E-C7D8-13C7-8484-4AC65E1B71E8}"
EndProject
Project("{2150E333-8FDC-42A3-9474-1A3956D46DE8}") = "02-Application", "02-Application", "{D3FF43F2-8AAA-4FC7-AEFD-F1E5E97EAAE8}"
EndProject
Project("{2150E333-8FDC-42A3-9474-1A3956D46DE8}") = "01-BuildingBlocks", "01-BuildingBlocks", "{48F6CB37-4A2C-48DE-9DD1-ADA5DDEE7BFF}"
EndProject
Project("{2150E333-8FDC-42A3-9474-1A3956D46DE8}") = "04-Presentation", "04-Presentation", "{53207346-6D91-43A5-8B7E-7EB4562C1A95}"
EndProject
Project("{2150E333-8FDC-42A3-9474-1A3956D46DE8}") = "Data", "Data", "{954C46DF-6D81-434E-A306-BDA8B2E90AAB}"
EndProject
Global
	GlobalSection(SolutionConfigurationPlatforms) = preSolution
		Debug|Any CPU = Debug|Any CPU
		Debug|x64 = Debug|x64
		Debug|x86 = Debug|x86
		Release|Any CPU = Release|Any CPU
		Release|x64 = Release|x64
		Release|x86 = Release|x86
	EndGlobalSection
	GlobalSection(ProjectConfigurationPlatforms) = postSolution
		{322F545C-062A-48D7-A45C-AE5E9685FC1B}.Debug|Any CPU.ActiveCfg = Debug|Any CPU
		{322F545C-062A-48D7-A45C-AE5E9685FC1B}.Debug|Any CPU.Build.0 = Debug|Any CPU
		{322F545C-062A-48D7-A45C-AE5E9685FC1B}.Debug|x64.ActiveCfg = Debug|Any CPU
		{322F545C-062A-48D7-A45C-AE5E9685FC1B}.Debug|x64.Build.0 = Debug|Any CPU
		{322F545C-062A-48D7-A45C-AE5E9685FC1B}.Debug|x86.ActiveCfg = Debug|Any CPU
		{322F545C-062A-48D7-A45C-AE5E9685FC1B}.Debug|x86.Build.0 = Debug|Any CPU
		{322F545C-062A-48D7-A45C-AE5E9685FC1B}.Release|Any CPU.ActiveCfg = Release|Any CPU
		{322F545C-062A-48D7-A45C-AE5E9685FC1B}.Release|Any CPU.Build.0 = Release|Any CPU
		{322F545C-062A-48D7-A45C-AE5E9685FC1B}.Release|x64.ActiveCfg = Release|Any CPU
		{322F545C-062A-48D7-A45C-AE5E9685FC1B}.Release|x64.Build.0 = Release|Any CPU
		{322F545C-062A-48D7-A45C-AE5E9685FC1B}.Release|x86.ActiveCfg = Release|Any CPU
		{322F545C-062A-48D7-A45C-AE5E9685FC1B}.Release|x86.Build.0 = Release|Any CPU
		{F09DFC5E-2FD0-4D29-A71A-2F0684A2BE48}.Debug|Any CPU.ActiveCfg = Debug|Any CPU
		{F09DFC5E-2FD0-4D29-A71A-2F0684A2BE48}.Debug|Any CPU.Build.0 = Debug|Any CPU
		{F09DFC5E-2FD0-4D29-A71A-2F0684A2BE48}.Debug|x64.ActiveCfg = Debug|Any CPU
		{F09DFC5E-2FD0-4D29-A71A-2F0684A2BE48}.Debug|x64.Build.0 = Debug|Any CPU
		{F09DFC5E-2FD0-4D29-A71A-2F0684A2BE48}.Debug|x86.ActiveCfg = Debug|Any CPU
		{F09DFC5E-2FD0-4D29-A71A-2F0684A2BE48}.Debug|x86.Build.0 = Debug|Any CPU
		{F09DFC5E-2FD0-4D29-A71A-2F0684A2BE48}.Release|Any CPU.ActiveCfg = Release|Any CPU
		{F09DFC5E-2FD0-4D29-A71A-2F0684A2BE48}.Release|Any CPU.Build.0 = Release|Any CPU
		{F09DFC5E-2FD0-4D29-A71A-2F0684A2BE48}.Release|x64.ActiveCfg = Release|Any CPU
		{F09DFC5E-2FD0-4D29-A71A-2F0684A2BE48}.Release|x64.Build.0 = Release|Any CPU
		{F09DFC5E-2FD0-4D29-A71A-2F0684A2BE48}.Release|x86.ActiveCfg = Release|Any CPU
		{F09DFC5E-2FD0-4D29-A71A-2F0684A2BE48}.Release|x86.Build.0 = Release|Any CPU
		{7F0BBBA4-E30F-4E93-A3A1-7F952DE441CA}.Debug|Any CPU.ActiveCfg = Debug|Any CPU
		{7F0BBBA4-E30F-4E93-A3A1-7F952DE441CA}.Debug|Any CPU.Build.0 = Debug|Any CPU
		{7F0BBBA4-E30F-4E93-A3A1-7F952DE441CA}.Debug|x64.ActiveCfg = Debug|Any CPU
		{7F0BBBA4-E30F-4E93-A3A1-7F952DE441CA}.Debug|x64.Build.0 = Debug|Any CPU
		{7F0BBBA4-E30F-4E93-A3A1-7F952DE441CA}.Debug|x86.ActiveCfg = Debug|Any CPU
		{7F0BBBA4-E30F-4E93-A3A1-7F952DE441CA}.Debug|x86.Build.0 = Debug|Any CPU
		{7F0BBBA4-E30F-4E93-A3A1-7F952DE441CA}.Release|Any CPU.ActiveCfg = Release|Any CPU
		{7F0BBBA4-E30F-4E93-A3A1-7F952DE441CA}.Release|Any CPU.Build.0 = Release|Any CPU
		{7F0BBBA4-E30F-4E93-A3A1-7F952DE441CA}.Release|x64.ActiveCfg = Release|Any CPU
		{7F0BBBA4-E30F-4E93-A3A1-7F952DE441CA}.Release|x64.Build.0 = Release|Any CPU
		{7F0BBBA4-E30F-4E93-A3A1-7F952DE441CA}.Release|x86.ActiveCfg = Release|Any CPU
		{7F0BBBA4-E30F-4E93-A3A1-7F952DE441CA}.Release|x86.Build.0 = Release|Any CPU
		{C5DECC2F-2966-4AE3-A552-E845F959762A}.Debug|Any CPU.ActiveCfg = Debug|Any CPU
		{C5DECC2F-2966-4AE3-A552-E845F959762A}.Debug|Any CPU.Build.0 = Debug|Any CPU
		{C5DECC2F-2966-4AE3-A552-E845F959762A}.Debug|x64.ActiveCfg = Debug|Any CPU
		{C5DECC2F-2966-4AE3-A552-E845F959762A}.Debug|x64.Build.0 = Debug|Any CPU
		{C5DECC2F-2966-4AE3-A552-E845F959762A}.Debug|x86.ActiveCfg = Debug|Any CPU
		{C5DECC2F-2966-4AE3-A552-E845F959762A}.Debug|x86.Build.0 = Debug|Any CPU
		{C5DECC2F-2966-4AE3-A552-E845F959762A}.Release|Any CPU.ActiveCfg = Release|Any CPU
		{C5DECC2F-2966-4AE3-A552-E845F959762A}.Release|Any CPU.Build.0 = Release|Any CPU
		{C5DECC2F-2966-4AE3-A552-E845F959762A}.Release|x64.ActiveCfg = Release|Any CPU
		{C5DECC2F-2966-4AE3-A552-E845F959762A}.Release|x64.Build.0 = Release|Any CPU
		{C5DECC2F-2966-4AE3-A552-E845F959762A}.Release|x86.ActiveCfg = Release|Any CPU
		{C5DECC2F-2966-4AE3-A552-E845F959762A}.Release|x86.Build.0 = Release|Any CPU
		{DDF9CEA7-97AD-4062-8B8C-7DC22816A0A1}.Debug|Any CPU.ActiveCfg = Debug|Any CPU
		{DDF9CEA7-97AD-4062-8B8C-7DC22816A0A1}.Debug|Any CPU.Build.0 = Debug|Any CPU
		{DDF9CEA7-97AD-4062-8B8C-7DC22816A0A1}.Debug|x64.ActiveCfg = Debug|Any CPU
		{DDF9CEA7-97AD-4062-8B8C-7DC22816A0A1}.Debug|x64.Build.0 = Debug|Any CPU
		{DDF9CEA7-97AD-4062-8B8C-7DC22816A0A1}.Debug|x86.ActiveCfg = Debug|Any CPU
		{DDF9CEA7-97AD-4062-8B8C-7DC22816A0A1}.Debug|x86.Build.0 = Debug|Any CPU
		{DDF9CEA7-97AD-4062-8B8C-7DC22816A0A1}.Release|Any CPU.ActiveCfg = Release|Any CPU
		{DDF9CEA7-97AD-4062-8B8C-7DC22816A0A1}.Release|Any CPU.Build.0 = Release|Any CPU
		{DDF9CEA7-97AD-4062-8B8C-7DC22816A0A1}.Release|x64.ActiveCfg = Release|Any CPU
		{DDF9CEA7-97AD-4062-8B8C-7DC22816A0A1}.Release|x64.Build.0 = Release|Any CPU
		{DDF9CEA7-97AD-4062-8B8C-7DC22816A0A1}.Release|x86.ActiveCfg = Release|Any CPU
		{DDF9CEA7-97AD-4062-8B8C-7DC22816A0A1}.Release|x86.Build.0 = Release|Any CPU
		{2ED5843B-035E-4AB2-A3BC-BC5F98EEFDF1}.Debug|Any CPU.ActiveCfg = Debug|Any CPU
		{2ED5843B-035E-4AB2-A3BC-BC5F98EEFDF1}.Debug|Any CPU.Build.0 = Debug|Any CPU
		{2ED5843B-035E-4AB2-A3BC-BC5F98EEFDF1}.Debug|x64.ActiveCfg = Debug|Any CPU
		{2ED5843B-035E-4AB2-A3BC-BC5F98EEFDF1}.Debug|x64.Build.0 = Debug|Any CPU
		{2ED5843B-035E-4AB2-A3BC-BC5F98EEFDF1}.Debug|x86.ActiveCfg = Debug|Any CPU
		{2ED5843B-035E-4AB2-A3BC-BC5F98EEFDF1}.Debug|x86.Build.0 = Debug|Any CPU
		{2ED5843B-035E-4AB2-A3BC-BC5F98EEFDF1}.Release|Any CPU.ActiveCfg = Release|Any CPU
		{2ED5843B-035E-4AB2-A3BC-BC5F98EEFDF1}.Release|Any CPU.Build.0 = Release|Any CPU
		{2ED5843B-035E-4AB2-A3BC-BC5F98EEFDF1}.Release|x64.ActiveCfg = Release|Any CPU
		{2ED5843B-035E-4AB2-A3BC-BC5F98EEFDF1}.Release|x64.Build.0 = Release|Any CPU
		{2ED5843B-035E-4AB2-A3BC-BC5F98EEFDF1}.Release|x86.ActiveCfg = Release|Any CPU
		{2ED5843B-035E-4AB2-A3BC-BC5F98EEFDF1}.Release|x86.Build.0 = Release|Any CPU
	EndGlobalSection
	GlobalSection(SolutionProperties) = preSolution
		HideSolutionNode = FALSE
	EndGlobalSection
	GlobalSection(NestedProjects) = preSolution
		{322F545C-062A-48D7-A45C-AE5E9685FC1B} = {53207346-6D91-43A5-8B7E-7EB4562C1A95}
		{F09DFC5E-2FD0-4D29-A71A-2F0684A2BE48} = {48F6CB37-4A2C-48DE-9DD1-ADA5DDEE7BFF}
		{7F0BBBA4-E30F-4E93-A3A1-7F952DE441CA} = {02EA681E-C7D8-13C7-8484-4AC65E1B71E8}
		{C5DECC2F-2966-4AE3-A552-E845F959762A} = {48F6CB37-4A2C-48DE-9DD1-ADA5DDEE7BFF}
		{DDF9CEA7-97AD-4062-8B8C-7DC22816A0A1} = {D3FF43F2-8AAA-4FC7-AEFD-F1E5E97EAAE8}
		{2ED5843B-035E-4AB2-A3BC-BC5F98EEFDF1} = {D3FF43F2-8AAA-4FC7-AEFD-F1E5E97EAAE8}
		{02EA681E-C7D8-13C7-8484-4AC65E1B71E8} = {827E0CD3-B72D-47B6-A68D-7590B98EB39B}
		{D3FF43F2-8AAA-4FC7-AEFD-F1E5E97EAAE8} = {827E0CD3-B72D-47B6-A68D-7590B98EB39B}
		{48F6CB37-4A2C-48DE-9DD1-ADA5DDEE7BFF} = {827E0CD3-B72D-47B6-A68D-7590B98EB39B}
		{53207346-6D91-43A5-8B7E-7EB4562C1A95} = {827E0CD3-B72D-47B6-A68D-7590B98EB39B}
		{954C46DF-6D81-434E-A306-BDA8B2E90AAB} = {D3FF43F2-8AAA-4FC7-AEFD-F1E5E97EAAE8}
	EndGlobalSection
	GlobalSection(ExtensibilityGlobals) = postSolution
		SolutionGuid = {7B5FDC7E-DCD9-4B27-92A6-868FF68E1862}
	EndGlobalSection
EndGlobal
